
Microsoft Visual Studio Solution File, Format Version 12.00
# Visual Studio Version 17
VisualStudioVersion = 17.2.32602.215
MinimumVisualStudioVersion = 10.0.40219.1
Project("{FAE04EC0-301F-11D3-BF4B-00C04F79EFBC}") = "POC.ImageConverter.Application", "src\POC.ImageConverter.Application.csproj", "{4E7BC2A9-E8C2-4786-85A6-3D67D108E743}"
EndProject
Global
	GlobalSection(SolutionConfigurationPlatforms) = preSolution
		Debug|Any CPU = Debug|Any CPU
		Release|Any CPU = Release|Any CPU
	EndGlobalSection
	GlobalSection(ProjectConfigurationPlatforms) = postSolution
		{4E7BC2A9-E8C2-4786-85A6-3D67D108E743}.Debug|Any CPU.ActiveCfg = Debug|Any CPU
		{4E7BC2A9-E8C2-4786-85A6-3D67D108E743}.Debug|Any CPU.Build.0 = Debug|Any CPU
		{4E7BC2A9-E8C2-4786-85A6-3D67D108E743}.Release|Any CPU.ActiveCfg = Release|Any CPU
		{4E7BC2A9-E8C2-4786-85A6-3D67D108E743}.Release|Any CPU.Build.0 = Release|Any CPU
	EndGlobalSection
	GlobalSection(SolutionProperties) = preSolution
		HideSolutionNode = FALSE
	EndGlobalSection
	GlobalSection(ExtensibilityGlobals) = postSolution
		SolutionGuid = {D317EB1A-CFAB-4E5C-8A06-EB5974562CBC}
	EndGlobalSection
EndGlobal
